
Microsoft Visual Studio Solution File, Format Version 12.00
# Visual Studio Version 17
VisualStudioVersion = 17.0.31903.59
MinimumVisualStudioVersion = 10.0.40219.1
Project("{FAE04EC0-301F-11D3-BF4B-00C04F79EFBC}") = "Xenolexia.Core", "Xenolexia.Core\Xenolexia.Core.csproj", "{E5D3DCD1-F013-4A4C-9476-AFB333F96D01}"
EndProject
Project("{FAE04EC0-301F-11D3-BF4B-00C04F79EFBC}") = "Xenolexia.Desktop", "Xenolexia.Desktop\Xenolexia.Desktop.csproj", "{6EB62E53-B7E3-4FB6-9F0C-C6792EC3A731}"
EndProject
Project("{FAE04EC0-301F-11D3-BF4B-00C04F79EFBC}") = "Xenolexia.Core.Tests", "Xenolexia.Core.Tests\Xenolexia.Core.Tests.csproj", "{A1B2C3D4-E5F6-7890-ABCD-EF1234567890}"
EndProject
Global
	GlobalSection(SolutionConfigurationPlatforms) = preSolution
		Debug|Any CPU = Debug|Any CPU
		Release|Any CPU = Release|Any CPU
	EndGlobalSection
	GlobalSection(SolutionProperties) = preSolution
		HideSolutionNode = FALSE
	EndGlobalSection
	GlobalSection(ProjectConfigurationPlatforms) = postSolution
		{E5D3DCD1-F013-4A4C-9476-AFB333F96D01}.Debug|Any CPU.ActiveCfg = Debug|Any CPU
		{E5D3DCD1-F013-4A4C-9476-AFB333F96D01}.Debug|Any CPU.Build.0 = Debug|Any CPU
		{E5D3DCD1-F013-4A4C-9476-AFB333F96D01}.Release|Any CPU.ActiveCfg = Release|Any CPU
		{E5D3DCD1-F013-4A4C-9476-AFB333F96D01}.Release|Any CPU.Build.0 = Release|Any CPU
		{6EB62E53-B7E3-4FB6-9F0C-C6792EC3A731}.Debug|Any CPU.ActiveCfg = Debug|Any CPU
		{6EB62E53-B7E3-4FB6-9F0C-C6792EC3A731}.Debug|Any CPU.Build.0 = Debug|Any CPU
		{6EB62E53-B7E3-4FB6-9F0C-C6792EC3A731}.Release|Any CPU.ActiveCfg = Release|Any CPU
		{6EB62E53-B7E3-4FB6-9F0C-C6792EC3A731}.Release|Any CPU.Build.0 = Release|Any CPU
		{A1B2C3D4-E5F6-7890-ABCD-EF1234567890}.Debug|Any CPU.ActiveCfg = Debug|Any CPU
		{A1B2C3D4-E5F6-7890-ABCD-EF1234567890}.Debug|Any CPU.Build.0 = Debug|Any CPU
		{A1B2C3D4-E5F6-7890-ABCD-EF1234567890}.Release|Any CPU.ActiveCfg = Release|Any CPU
		{A1B2C3D4-E5F6-7890-ABCD-EF1234567890}.Release|Any CPU.Build.0 = Release|Any CPU
	EndGlobalSection
EndGlobal
